{
  "name": "impactmojo",
  "version": "0.1.0",
  "lockfileVersion": 3,
  "requires": true,
  "packages": {
    "": {
      "name": "impactmojo",
      "version": "0.1.0",
      "dependencies": {
        "lucide-react": "^0.263.1",
        "react": "^18.2.0",
        "react-dom": "^18.2.0",
        "react-scripts": "5.0.1"
      }
    },
    "node_modules/lucide-react": {
      "version": "0.263.1"
    },
    "node_modules/react": {
      "version": "18.2.0"
    },
    "node_modules/react-dom": {
      "version": "18.2.0"
    },
    "node_modules/react-scripts": {
      "version": "5.0.1"
    }
  }
}
